// !$*UTF8*$!
{
	archiveVersion = 1;
	classes = {
	};
	objectVersion = 56;
	objects = {

/* Begin PBXBuildFile section */
		70CD67D3293E530000578EA8 /* AppDelegate.swift in Sources */ = {isa = PBXBuildFile; fileRef = 70CD67D2293E530000578EA8 /* AppDelegate.swift */; };
		70CD67D5293E530000578EA8 /* SceneDelegate.swift in Sources */ = {isa = PBXBuildFile; fileRef = 70CD67D4293E530000578EA8 /* SceneDelegate.swift */; };
		70CD67DA293E530100578EA8 /* Main.storyboard in Resources */ = {isa = PBXBuildFile; fileRef = 70CD67D8293E530100578EA8 /* Main.storyboard */; };
		70CD67DC293E530300578EA8 /* Assets.xcassets in Resources */ = {isa = PBXBuildFile; fileRef = 70CD67DB293E530300578EA8 /* Assets.xcassets */; };
		70CD67DF293E530300578EA8 /* LaunchScreen.storyboard in Resources */ = {isa = PBXBuildFile; fileRef = 70CD67DD293E530300578EA8 /* LaunchScreen.storyboard */; };
		70CD67EA293E530300578EA8 /* SmartListTests.swift in Sources */ = {isa = PBXBuildFile; fileRef = 70CD67E9293E530300578EA8 /* SmartListTests.swift */; };
		70CD67F4293E530300578EA8 /* SmartListUITests.swift in Sources */ = {isa = PBXBuildFile; fileRef = 70CD67F3293E530300578EA8 /* SmartListUITests.swift */; };
		70CD67F6293E530300578EA8 /* SmartListUITestsLaunchTests.swift in Sources */ = {isa = PBXBuildFile; fileRef = 70CD67F5293E530300578EA8 /* SmartListUITestsLaunchTests.swift */; };
/* End PBXBuildFile section */

/* Begin PBXContainerItemProxy section */
		70CD67E6293E530300578EA8 /* PBXContainerItemProxy */ = {
			isa = PBXContainerItemProxy;
			containerPortal = 70CD67C7293E530000578EA8 /* Project object */;
			proxyType = 1;
			remoteGlobalIDString = 70CD67CE293E530000578EA8;
			remoteInfo = SmartList;
		};
		70CD67F0293E530300578EA8 /* PBXContainerItemProxy */ = {
			isa = PBXContainerItemProxy;
			containerPortal = 70CD67C7293E530000578EA8 /* Project object */;
			proxyType = 1;
			remoteGlobalIDString = 70CD67CE293E530000578EA8;
			remoteInfo = SmartList;
		};
/* End PBXContainerItemProxy section */

/* Begin PBXFileReference section */
		70CD67CF293E530000578EA8 /* SmartList.app */ = {isa = PBXFileReference; explicitFileType = wrapper.application; includeInIndex = 0; path = SmartList.app; sourceTree = BUILT_PRODUCTS_DIR; };
		70CD67D2293E530000578EA8 /* AppDelegate.swift */ = {isa = PBXFileReference; lastKnownFileType = sourcecode.swift; path = AppDelegate.swift; sourceTree = "<group>"; };
		70CD67D4293E530000578EA8 /* SceneDelegate.swift */ = {isa = PBXFileReference; lastKnownFileType = sourcecode.swift; path = SceneDelegate.swift; sourceTree = "<group>"; };
		70CD67D9293E530100578EA8 /* Base */ = {isa = PBXFileReference; lastKnownFileType = file.storyboard; name = Base; path = Base.lproj/Main.storyboard; sourceTree = "<group>"; };
		70CD67DB293E530300578EA8 /* Assets.xcassets */ = {isa = PBXFileReference; lastKnownFileType = folder.assetcatalog; path = Assets.xcassets; sourceTree = "<group>"; };
		70CD67DE293E530300578EA8 /* Base */ = {isa = PBXFileReference; lastKnownFileType = file.storyboard; name = Base; path = Base.lproj/LaunchScreen.storyboard; sourceTree = "<group>"; };
		70CD67E0293E530300578EA8 /* Info.plist */ = {isa = PBXFileReference; lastKnownFileType = text.plist.xml; path = Info.plist; sourceTree = "<group>"; };
		70CD67E5293E530300578EA8 /* SmartListTests.xctest */ = {isa = PBXFileReference; explicitFileType = wrapper.cfbundle; includeInIndex = 0; path = SmartListTests.xctest; sourceTree = BUILT_PRODUCTS_DIR; };
		70CD67E9293E530300578EA8 /* SmartListTests.swift */ = {isa = PBXFileReference; lastKnownFileType = sourcecode.swift; path = SmartListTests.swift; sourceTree = "<group>"; };
		70CD67EF293E530300578EA8 /* SmartListUITests.xctest */ = {isa = PBXFileReference; explicitFileType = wrapper.cfbundle; includeInIndex = 0; path = SmartListUITests.xctest; sourceTree = BUILT_PRODUCTS_DIR; };
		70CD67F3293E530300578EA8 /* SmartListUITests.swift */ = {isa = PBXFileReference; lastKnownFileType = sourcecode.swift; path = SmartListUITests.swift; sourceTree = "<group>"; };
		70CD67F5293E530300578EA8 /* SmartListUITestsLaunchTests.swift */ = {isa = PBXFileReference; lastKnownFileType = sourcecode.swift; path = SmartListUITestsLaunchTests.swift; sourceTree = "<group>"; };
/* End PBXFileReference section */

/* Begin PBXFrameworksBuildPhase section */
		70CD67CC293E530000578EA8 /* Frameworks */ = {
			isa = PBXFrameworksBuildPhase;
			buildActionMask = 2147483647;
			files = (
			);
			runOnlyForDeploymentPostprocessing = 0;
		};
		70CD67E2293E530300578EA8 /* Frameworks */ = {
			isa = PBXFrameworksBuildPhase;
			buildActionMask = 2147483647;
			files = (
			);
			runOnlyForDeploymentPostprocessing = 0;
		};
		70CD67EC293E530300578EA8 /* Frameworks */ = {
			isa = PBXFrameworksBuildPhase;
			buildActionMask = 2147483647;
			files = (
			);
			runOnlyForDeploymentPostprocessing = 0;
		};
/* End PBXFrameworksBuildPhase section */

/* Begin PBXGroup section */
		70CD67C6293E530000578EA8 = {
			isa = PBXGroup;
			children = (
				70CD67D1293E530000578EA8 /* SmartList */,
				70CD67E8293E530300578EA8 /* SmartListTests */,
				70CD67F2293E530300578EA8 /* SmartListUITests */,
				70CD67D0293E530000578EA8 /* Products */,
			);
			sourceTree = "<group>";
		};
		70CD67D0293E530000578EA8 /* Products */ = {
			isa = PBXGroup;
			children = (
				70CD67CF293E530000578EA8 /* SmartList.app */,
				70CD67E5293E530300578EA8 /* SmartListTests.xctest */,
				70CD67EF293E530300578EA8 /* SmartListUITests.xctest */,
			);
			name = Products;
			sourceTree = "<group>";
		};
		70CD67D1293E530000578EA8 /* SmartList */ = {
			isa = PBXGroup;
			children = (
				70CD6802293E540F00578EA8 /* Delegates */,
				70CD6803293E558F00578EA8 /* Models */,
				70CD6804293E559F00578EA8 /* ViewModels */,
				70CD6805293E55B000578EA8 /* Views */,
				70CD6806293E55C600578EA8 /* Controllers */,
				70CD6807293E55F600578EA8 /* Utilities */,
				70CD67D8293E530100578EA8 /* Main.storyboard */,
				70CD67DB293E530300578EA8 /* Assets.xcassets */,
				70CD67DD293E530300578EA8 /* LaunchScreen.storyboard */,
				70CD67E0293E530300578EA8 /* Info.plist */,
			);
			path = SmartList;
			sourceTree = "<group>";
		};
		70CD67E8293E530300578EA8 /* SmartListTests */ = {
			isa = PBXGroup;
			children = (
				70CD67E9293E530300578EA8 /* SmartListTests.swift */,
			);
			path = SmartListTests;
			sourceTree = "<group>";
		};
		70CD67F2293E530300578EA8 /* SmartListUITests */ = {
			isa = PBXGroup;
			children = (
				70CD67F3293E530300578EA8 /* SmartListUITests.swift */,
				70CD67F5293E530300578EA8 /* SmartListUITestsLaunchTests.swift */,
			);
			path = SmartListUITests;
			sourceTree = "<group>";
		};
		70CD6802293E540F00578EA8 /* Delegates */ = {
			isa = PBXGroup;
			children = (
				70CD67D2293E530000578EA8 /* AppDelegate.swift */,
				70CD67D4293E530000578EA8 /* SceneDelegate.swift */,
			);
			path = Delegates;
			sourceTree = "<group>";
		};
		70CD6803293E558F00578EA8 /* Models */ = {
			isa = PBXGroup;
			children = (
			);
			path = Models;
			sourceTree = "<group>";
		};
		70CD6804293E559F00578EA8 /* ViewModels */ = {
			isa = PBXGroup;
			children = (
			);
			path = ViewModels;
			sourceTree = "<group>";
		};
		70CD6805293E55B000578EA8 /* Views */ = {
			isa = PBXGroup;
			children = (
			);
			path = Views;
			sourceTree = "<group>";
		};
		70CD6806293E55C600578EA8 /* Controllers */ = {
			isa = PBXGroup;
			children = (
			);
			path = Controllers;
			sourceTree = "<group>";
		};
		70CD6807293E55F600578EA8 /* Utilities */ = {
			isa = PBXGroup;
			children = (
			);
			path = Utilities;
			sourceTree = "<group>";
		};
/* End PBXGroup section */

/* Begin PBXNativeTarget section */
		70CD67CE293E530000578EA8 /* SmartList */ = {
			isa = PBXNativeTarget;
			buildConfigurationList = 70CD67F9293E530300578EA8 /* Build configuration list for PBXNativeTarget "SmartList" */;
			buildPhases = (
				70CD67CB293E530000578EA8 /* Sources */,
				70CD67CC293E530000578EA8 /* Frameworks */,
				70CD67CD293E530000578EA8 /* Resources */,
			);
			buildRules = (
			);
			dependencies = (
			);
			name = SmartList;
			productName = SmartList;
			productReference = 70CD67CF293E530000578EA8 /* SmartList.app */;
			productType = "com.apple.product-type.application";
		};
		70CD67E4293E530300578EA8 /* SmartListTests */ = {
			isa = PBXNativeTarget;
			buildConfigurationList = 70CD67FC293E530300578EA8 /* Build configuration list for PBXNativeTarget "SmartListTests" */;
			buildPhases = (
				70CD67E1293E530300578EA8 /* Sources */,
				70CD67E2293E530300578EA8 /* Frameworks */,
				70CD67E3293E530300578EA8 /* Resources */,
			);
			buildRules = (
			);
			dependencies = (
				70CD67E7293E530300578EA8 /* PBXTargetDependency */,
			);
			name = SmartListTests;
			productName = SmartListTests;
			productReference = 70CD67E5293E530300578EA8 /* SmartListTests.xctest */;
			productType = "com.apple.product-type.bundle.unit-test";
		};
		70CD67EE293E530300578EA8 /* SmartListUITests */ = {
			isa = PBXNativeTarget;
			buildConfigurationList = 70CD67FF293E530300578EA8 /* Build configuration list for PBXNativeTarget "SmartListUITests" */;
			buildPhases = (
				70CD67EB293E530300578EA8 /* Sources */,
				70CD67EC293E530300578EA8 /* Frameworks */,
				70CD67ED293E530300578EA8 /* Resources */,
			);
			buildRules = (
			);
			dependencies = (
				70CD67F1293E530300578EA8 /* PBXTargetDependency */,
			);
			name = SmartListUITests;
			productName = SmartListUITests;
			productReference = 70CD67EF293E530300578EA8 /* SmartListUITests.xctest */;
			productType = "com.apple.product-type.bundle.ui-testing";
		};
/* End PBXNativeTarget section */

/* Begin PBXProject section */
		70CD67C7293E530000578EA8 /* Project object */ = {
			isa = PBXProject;
			attributes = {
				BuildIndependentTargetsInParallel = 1;
				LastSwiftUpdateCheck = 1410;
				LastUpgradeCheck = 1410;
				TargetAttributes = {
					70CD67CE293E530000578EA8 = {
						CreatedOnToolsVersion = 14.1;
					};
					70CD67E4293E530300578EA8 = {
						CreatedOnToolsVersion = 14.1;
						TestTargetID = 70CD67CE293E530000578EA8;
					};
					70CD67EE293E530300578EA8 = {
						CreatedOnToolsVersion = 14.1;
						TestTargetID = 70CD67CE293E530000578EA8;
					};
				};
			};
			buildConfigurationList = 70CD67CA293E530000578EA8 /* Build configuration list for PBXProject "SmartList" */;
			compatibilityVersion = "Xcode 14.0";
			developmentRegion = en;
			hasScannedForEncodings = 0;
			knownRegions = (
				en,
				Base,
			);
			mainGroup = 70CD67C6293E530000578EA8;
			productRefGroup = 70CD67D0293E530000578EA8 /* Products */;
			projectDirPath = "";
			projectRoot = "";
			targets = (
				70CD67CE293E530000578EA8 /* SmartList */,
				70CD67E4293E530300578EA8 /* SmartListTests */,
				70CD67EE293E530300578EA8 /* SmartListUITests */,
			);
		};
/* End PBXProject section */

/* Begin PBXResourcesBuildPhase section */
		70CD67CD293E530000578EA8 /* Resources */ = {
			isa = PBXResourcesBuildPhase;
			buildActionMask = 2147483647;
			files = (
				70CD67DF293E530300578EA8 /* LaunchScreen.storyboard in Resources */,
				70CD67DC293E530300578EA8 /* Assets.xcassets in Resources */,
				70CD67DA293E530100578EA8 /* Main.storyboard in Resources */,
			);
			runOnlyForDeploymentPostprocessing = 0;
		};
		70CD67E3293E530300578EA8 /* Resources */ = {
			isa = PBXResourcesBuildPhase;
			buildActionMask = 2147483647;
			files = (
			);
			runOnlyForDeploymentPostprocessing = 0;
		};
		70CD67ED293E530300578EA8 /* Resources */ = {
			isa = PBXResourcesBuildPhase;
			buildActionMask = 2147483647;
			files = (
			);
			runOnlyForDeploymentPostprocessing = 0;
		};
/* End PBXResourcesBuildPhase section */

/* Begin PBXSourcesBuildPhase section */
		70CD67CB293E530000578EA8 /* Sources */ = {
			isa = PBXSourcesBuildPhase;
			buildActionMask = 2147483647;
			files = (
				70CD67D3293E530000578EA8 /* AppDelegate.swift in Sources */,
				70CD67D5293E530000578EA8 /* SceneDelegate.swift in Sources */,
			);
			runOnlyForDeploymentPostprocessing = 0;
		};
		70CD67E1293E530300578EA8 /* Sources */ = {
			isa = PBXSourcesBuildPhase;
			buildActionMask = 2147483647;
			files = (
				70CD67EA293E530300578EA8 /* SmartListTests.swift in Sources */,
			);
			runOnlyForDeploymentPostprocessing = 0;
		};
		70CD67EB293E530300578EA8 /* Sources */ = {
			isa = PBXSourcesBuildPhase;
			buildActionMask = 2147483647;
			files = (
				70CD67F6293E530300578EA8 /* SmartListUITestsLaunchTests.swift in Sources */,
				70CD67F4293E530300578EA8 /* SmartListUITests.swift in Sources */,
			);
			runOnlyForDeploymentPostprocessing = 0;
		};
/* End PBXSourcesBuildPhase section */

/* Begin PBXTargetDependency section */
		70CD67E7293E530300578EA8 /* PBXTargetDependency */ = {
			isa = PBXTargetDependency;
			target = 70CD67CE293E530000578EA8 /* SmartList */;
			targetProxy = 70CD67E6293E530300578EA8 /* PBXContainerItemProxy */;
		};
		70CD67F1293E530300578EA8 /* PBXTargetDependency */ = {
			isa = PBXTargetDependency;
			target = 70CD67CE293E530000578EA8 /* SmartList */;
			targetProxy = 70CD67F0293E530300578EA8 /* PBXContainerItemProxy */;
		};
/* End PBXTargetDependency section */

/* Begin PBXVariantGroup section */
		70CD67D8293E530100578EA8 /* Main.storyboard */ = {
			isa = PBXVariantGroup;
			children = (
				70CD67D9293E530100578EA8 /* Base */,
			);
			name = Main.storyboard;
			sourceTree = "<group>";
		};
		70CD67DD293E530300578EA8 /* LaunchScreen.storyboard */ = {
			isa = PBXVariantGroup;
			children = (
				70CD67DE293E530300578EA8 /* Base */,
			);
			name = LaunchScreen.storyboard;
			sourceTree = "<group>";
		};
/* End PBXVariantGroup section */

/* Begin XCBuildConfiguration section */
		70CD67F7293E530300578EA8 /* Debug */ = {
			isa = XCBuildConfiguration;
			buildSettings = {
				ALWAYS_SEARCH_USER_PATHS = NO;
				CLANG_ANALYZER_NONNULL = YES;
				CLANG_ANALYZER_NUMBER_OBJECT_CONVERSION = YES_AGGRESSIVE;
				CLANG_CXX_LANGUAGE_STANDARD = "gnu++20";
				CLANG_ENABLE_MODULES = YES;
				CLANG_ENABLE_OBJC_ARC = YES;
				CLANG_ENABLE_OBJC_WEAK = YES;
				CLANG_WARN_BLOCK_CAPTURE_AUTORELEASING = YES;
				CLANG_WARN_BOOL_CONVERSION = YES;
				CLANG_WARN_COMMA = YES;
				CLANG_WARN_CONSTANT_CONVERSION = YES;
				CLANG_WARN_DEPRECATED_OBJC_IMPLEMENTATIONS = YES;
				CLANG_WARN_DIRECT_OBJC_ISA_USAGE = YES_ERROR;
				CLANG_WARN_DOCUMENTATION_COMMENTS = YES;
				CLANG_WARN_EMPTY_BODY = YES;
				CLANG_WARN_ENUM_CONVERSION = YES;
				CLANG_WARN_INFINITE_RECURSION = YES;
				CLANG_WARN_INT_CONVERSION = YES;
				CLANG_WARN_NON_LITERAL_NULL_CONVERSION = YES;
				CLANG_WARN_OBJC_IMPLICIT_RETAIN_SELF = YES;
				CLANG_WARN_OBJC_LITERAL_CONVERSION = YES;
				CLANG_WARN_OBJC_ROOT_CLASS = YES_ERROR;
				CLANG_WARN_QUOTED_INCLUDE_IN_FRAMEWORK_HEADER = YES;
				CLANG_WARN_RANGE_LOOP_ANALYSIS = YES;
				CLANG_WARN_STRICT_PROTOTYPES = YES;
				CLANG_WARN_SUSPICIOUS_MOVE = YES;
				CLANG_WARN_UNGUARDED_AVAILABILITY = YES_AGGRESSIVE;
				CLANG_WARN_UNREACHABLE_CODE = YES;
				CLANG_WARN__DUPLICATE_METHOD_MATCH = YES;
				COPY_PHASE_STRIP = NO;
				DEBUG_INFORMATION_FORMAT = dwarf;
				ENABLE_STRICT_OBJC_MSGSEND = YES;
				ENABLE_TESTABILITY = YES;
				GCC_C_LANGUAGE_STANDARD = gnu11;
				GCC_DYNAMIC_NO_PIC = NO;
				GCC_NO_COMMON_BLOCKS = YES;
				GCC_OPTIMIZATION_LEVEL = 0;
				GCC_PREPROCESSOR_DEFINITIONS = (
					"DEBUG=1",
					"$(inherited)",
				);
				GCC_WARN_64_TO_32_BIT_CONVERSION = YES;
				GCC_WARN_ABOUT_RETURN_TYPE = YES_ERROR;
				GCC_WARN_UNDECLARED_SELECTOR = YES;
				GCC_WARN_UNINITIALIZED_AUTOS = YES_AGGRESSIVE;
				GCC_WARN_UNUSED_FUNCTION = YES;
				GCC_WARN_UNUSED_VARIABLE = YES;
				IPHONEOS_DEPLOYMENT_TARGET = 16.1;
				MTL_ENABLE_DEBUG_INFO = INCLUDE_SOURCE;
				MTL_FAST_MATH = YES;
				ONLY_ACTIVE_ARCH = YES;
				SDKROOT = iphoneos;
				SWIFT_ACTIVE_COMPILATION_CONDITIONS = DEBUG;
				SWIFT_OPTIMIZATION_LEVEL = "-Onone";
			};
			name = Debug;
		};
		70CD67F8293E530300578EA8 /* Release */ = {
			isa = XCBuildConfiguration;
			buildSettings = {
				ALWAYS_SEARCH_USER_PATHS = NO;
				CLANG_ANALYZER_NONNULL = YES;
				CLANG_ANALYZER_NUMBER_OBJECT_CONVERSION = YES_AGGRESSIVE;
				CLANG_CXX_LANGUAGE_STANDARD = "gnu++20";
				CLANG_ENABLE_MODULES = YES;
				CLANG_ENABLE_OBJC_ARC = YES;
				CLANG_ENABLE_OBJC_WEAK = YES;
				CLANG_WARN_BLOCK_CAPTURE_AUTORELEASING = YES;
				CLANG_WARN_BOOL_CONVERSION = YES;
				CLANG_WARN_COMMA = YES;
				CLANG_WARN_CONSTANT_CONVERSION = YES;
				CLANG_WARN_DEPRECATED_OBJC_IMPLEMENTATIONS = YES;
				CLANG_WARN_DIRECT_OBJC_ISA_USAGE = YES_ERROR;
				CLANG_WARN_DOCUMENTATION_COMMENTS = YES;
				CLANG_WARN_EMPTY_BODY = YES;
				CLANG_WARN_ENUM_CONVERSION = YES;
				CLANG_WARN_INFINITE_RECURSION = YES;
				CLANG_WARN_INT_CONVERSION = YES;
				CLANG_WARN_NON_LITERAL_NULL_CONVERSION = YES;
				CLANG_WARN_OBJC_IMPLICIT_RETAIN_SELF = YES;
				CLANG_WARN_OBJC_LITERAL_CONVERSION = YES;
				CLANG_WARN_OBJC_ROOT_CLASS = YES_ERROR;
				CLANG_WARN_QUOTED_INCLUDE_IN_FRAMEWORK_HEADER = YES;
				CLANG_WARN_RANGE_LOOP_ANALYSIS = YES;
				CLANG_WARN_STRICT_PROTOTYPES = YES;
				CLANG_WARN_SUSPICIOUS_MOVE = YES;
				CLANG_WARN_UNGUARDED_AVAILABILITY = YES_AGGRESSIVE;
				CLANG_WARN_UNREACHABLE_CODE = YES;
				CLANG_WARN__DUPLICATE_METHOD_MATCH = YES;
				COPY_PHASE_STRIP = NO;
				DEBUG_INFORMATION_FORMAT = "dwarf-with-dsym";
				ENABLE_NS_ASSERTIONS = NO;
				ENABLE_STRICT_OBJC_MSGSEND = YES;
				GCC_C_LANGUAGE_STANDARD = gnu11;
				GCC_NO_COMMON_BLOCKS = YES;
				GCC_WARN_64_TO_32_BIT_CONVERSION = YES;
				GCC_WARN_ABOUT_RETURN_TYPE = YES_ERROR;
				GCC_WARN_UNDECLARED_SELECTOR = YES;
				GCC_WARN_UNINITIALIZED_AUTOS = YES_AGGRESSIVE;
				GCC_WARN_UNUSED_FUNCTION = YES;
				GCC_WARN_UNUSED_VARIABLE = YES;
				IPHONEOS_DEPLOYMENT_TARGET = 16.1;
				MTL_ENABLE_DEBUG_INFO = NO;
				MTL_FAST_MATH = YES;
				SDKROOT = iphoneos;
				SWIFT_COMPILATION_MODE = wholemodule;
				SWIFT_OPTIMIZATION_LEVEL = "-O";
				VALIDATE_PRODUCT = YES;
			};
			name = Release;
		};
		70CD67FA293E530300578EA8 /* Debug */ = {
			isa = XCBuildConfiguration;
			buildSettings = {
				ASSETCATALOG_COMPILER_APPICON_NAME = AppIcon;
				ASSETCATALOG_COMPILER_GLOBAL_ACCENT_COLOR_NAME = AccentColor;
				CODE_SIGN_STYLE = Automatic;
				CURRENT_PROJECT_VERSION = 1;
				DEVELOPMENT_TEAM = Q633UWVVF6;
				GENERATE_INFOPLIST_FILE = YES;
				INFOPLIST_FILE = SmartList/Info.plist;
				INFOPLIST_KEY_UIApplicationSupportsIndirectInputEvents = YES;
				INFOPLIST_KEY_UILaunchStoryboardName = LaunchScreen;
				INFOPLIST_KEY_UIMainStoryboardFile = Main;
				INFOPLIST_KEY_UISupportedInterfaceOrientations = UIInterfaceOrientationPortrait;
				IPHONEOS_DEPLOYMENT_TARGET = 15.0;
				LD_RUNPATH_SEARCH_PATHS = (
					"$(inherited)",
					"@executable_path/Frameworks",
				);
				MARKETING_VERSION = 1.0;
				PRODUCT_BUNDLE_IDENTIFIER = COBox.SmartList;
				PRODUCT_NAME = "$(TARGET_NAME)";
				SWIFT_EMIT_LOC_STRINGS = YES;
				SWIFT_VERSION = 5.0;
				TARGETED_DEVICE_FAMILY = "1,2";
			};
			name = Debug;
		};
		70CD67FB293E530300578EA8 /* Release */ = {
			isa = XCBuildConfiguration;
			buildSettings = {
				ASSETCATALOG_COMPILER_APPICON_NAME = AppIcon;
				ASSETCATALOG_COMPILER_GLOBAL_ACCENT_COLOR_NAME = AccentColor;
				CODE_SIGN_STYLE = Automatic;
				CURRENT_PROJECT_VERSION = 1;
				DEVELOPMENT_TEAM = Q633UWVVF6;
				GENERATE_INFOPLIST_FILE = YES;
				INFOPLIST_FILE = SmartList/Info.plist;
				INFOPLIST_KEY_UIApplicationSupportsIndirectInputEvents = YES;
				INFOPLIST_KEY_UILaunchStoryboardName = LaunchScreen;
				INFOPLIST_KEY_UIMainStoryboardFile = Main;
				INFOPLIST_KEY_UISupportedInterfaceOrientations = UIInterfaceOrientationPortrait;
				IPHONEOS_DEPLOYMENT_TARGET = 15.0;
				LD_RUNPATH_SEARCH_PATHS = (
					"$(inherited)",
					"@executable_path/Frameworks",
				);
				MARKETING_VERSION = 1.0;
				PRODUCT_BUNDLE_IDENTIFIER = COBox.SmartList;
				PRODUCT_NAME = "$(TARGET_NAME)";
				SWIFT_EMIT_LOC_STRINGS = YES;
				SWIFT_VERSION = 5.0;
				TARGETED_DEVICE_FAMILY = "1,2";
			};
			name = Release;
		};
		70CD67FD293E530300578EA8 /* Debug */ = {
			isa = XCBuildConfiguration;
			buildSettings = {
				ALWAYS_EMBED_SWIFT_STANDARD_LIBRARIES = YES;
				BUNDLE_LOADER = "$(TEST_HOST)";
				CODE_SIGN_STYLE = Automatic;
				CURRENT_PROJECT_VERSION = 1;
				DEVELOPMENT_TEAM = Q633UWVVF6;
				GENERATE_INFOPLIST_FILE = YES;
				IPHONEOS_DEPLOYMENT_TARGET = 16.1;
				MARKETING_VERSION = 1.0;
				PRODUCT_BUNDLE_IDENTIFIER = COBox.SmartListTests;
				PRODUCT_NAME = "$(TARGET_NAME)";
				SWIFT_EMIT_LOC_STRINGS = NO;
				SWIFT_VERSION = 5.0;
				TARGETED_DEVICE_FAMILY = "1,2";
				TEST_HOST = "$(BUILT_PRODUCTS_DIR)/SmartList.app/$(BUNDLE_EXECUTABLE_FOLDER_PATH)/SmartList";
			};
			name = Debug;
		};
		70CD67FE293E530300578EA8 /* Release */ = {
			isa = XCBuildConfiguration;
			buildSettings = {
				ALWAYS_EMBED_SWIFT_STANDARD_LIBRARIES = YES;
				BUNDLE_LOADER = "$(TEST_HOST)";
				CODE_SIGN_STYLE = Automatic;
				CURRENT_PROJECT_VERSION = 1;
				DEVELOPMENT_TEAM = Q633UWVVF6;
				GENERATE_INFOPLIST_FILE = YES;
				IPHONEOS_DEPLOYMENT_TARGET = 16.1;
				MARKETING_VERSION = 1.0;
				PRODUCT_BUNDLE_IDENTIFIER = COBox.SmartListTests;
				PRODUCT_NAME = "$(TARGET_NAME)";
				SWIFT_EMIT_LOC_STRINGS = NO;
				SWIFT_VERSION = 5.0;
				TARGETED_DEVICE_FAMILY = "1,2";
				TEST_HOST = "$(BUILT_PRODUCTS_DIR)/SmartList.app/$(BUNDLE_EXECUTABLE_FOLDER_PATH)/SmartList";
			};
			name = Release;
		};
		70CD6800293E530300578EA8 /* Debug */ = {
			isa = XCBuildConfiguration;
			buildSettings = {
				ALWAYS_EMBED_SWIFT_STANDARD_LIBRARIES = YES;
				CODE_SIGN_STYLE = Automatic;
				CURRENT_PROJECT_VERSION = 1;
				DEVELOPMENT_TEAM = Q633UWVVF6;
				GENERATE_INFOPLIST_FILE = YES;
				MARKETING_VERSION = 1.0;
				PRODUCT_BUNDLE_IDENTIFIER = COBox.SmartListUITests;
				PRODUCT_NAME = "$(TARGET_NAME)";
				SWIFT_EMIT_LOC_STRINGS = NO;
				SWIFT_VERSION = 5.0;
				TARGETED_DEVICE_FAMILY = "1,2";
				TEST_TARGET_NAME = SmartList;
			};
			name = Debug;
		};
		70CD6801293E530300578EA8 /* Release */ = {
			isa = XCBuildConfiguration;
			buildSettings = {
				ALWAYS_EMBED_SWIFT_STANDARD_LIBRARIES = YES;
				CODE_SIGN_STYLE = Automatic;
				CURRENT_PROJECT_VERSION = 1;
				DEVELOPMENT_TEAM = Q633UWVVF6;
				GENERATE_INFOPLIST_FILE = YES;
				MARKETING_VERSION = 1.0;
				PRODUCT_BUNDLE_IDENTIFIER = COBox.SmartListUITests;
				PRODUCT_NAME = "$(TARGET_NAME)";
				SWIFT_EMIT_LOC_STRINGS = NO;
				SWIFT_VERSION = 5.0;
				TARGETED_DEVICE_FAMILY = "1,2";
				TEST_TARGET_NAME = SmartList;
			};
			name = Release;
		};
/* End XCBuildConfiguration section */

/* Begin XCConfigurationList section */
		70CD67CA293E530000578EA8 /* Build configuration list for PBXProject "SmartList" */ = {
			isa = XCConfigurationList;
			buildConfigurations = (
				70CD67F7293E530300578EA8 /* Debug */,
				70CD67F8293E530300578EA8 /* Release */,
			);
			defaultConfigurationIsVisible = 0;
			defaultConfigurationName = Release;
		};
		70CD67F9293E530300578EA8 /* Build configuration list for PBXNativeTarget "SmartList" */ = {
			isa = XCConfigurationList;
			buildConfigurations = (
				70CD67FA293E530300578EA8 /* Debug */,
				70CD67FB293E530300578EA8 /* Release */,
			);
			defaultConfigurationIsVisible = 0;
			defaultConfigurationName = Release;
		};
		70CD67FC293E530300578EA8 /* Build configuration list for PBXNativeTarget "SmartListTests" */ = {
			isa = XCConfigurationList;
			buildConfigurations = (
				70CD67FD293E530300578EA8 /* Debug */,
				70CD67FE293E530300578EA8 /* Release */,
			);
			defaultConfigurationIsVisible = 0;
			defaultConfigurationName = Release;
		};
		70CD67FF293E530300578EA8 /* Build configuration list for PBXNativeTarget "SmartListUITests" */ = {
			isa = XCConfigurationList;
			buildConfigurations = (
				70CD6800293E530300578EA8 /* Debug */,
				70CD6801293E530300578EA8 /* Release */,
			);
			defaultConfigurationIsVisible = 0;
			defaultConfigurationName = Release;
		};
/* End XCConfigurationList section */
	};
	rootObject = 70CD67C7293E530000578EA8 /* Project object */;
}
